<?xml version="1.0" encoding="utf-8"?>
<Project ToolsVersion="4.0" xmlns="http://schemas.microsoft.com/developer/msbuild/2003">
  <ItemGroup>
    <ClCompile Include="Application.cpp" />
    <ClCompile Include="Window.cpp" />
    <ClCompile Include="RenderDevice.cpp" />
    <ClCompile Include="GlueException.cpp" />
    <ClCompile Include="GraphicsDeviceManager.cpp" />
    <ClCompile Include="WinMain.cpp" />
    <ClCompile Include="Enumeration.cpp" />
  </ItemGroup>
  <ItemGroup>
    <ClInclude Include="Common.h" />
    <ClInclude Include="Application.h" />
    <ClInclude Include="Window.h" />
    <ClInclude Include="RenderSettings.h" />
    <ClInclude Include="RenderDevice.h" />
    <ClInclude Include="Singleton.hpp" />
    <ClInclude Include="GameTimer.h" />
    <ClInclude Include="GameClock.h" />
    <ClInclude Include="GlueException.h" />
    <ClInclude Include="GraphicsDeviceManager.h" />
    <ClInclude Include="DeviceSettings.h" />
    <ClInclude Include="Enumeration.h" />
    <ClInclude Include="Direct3DUtil.h" />
  </ItemGroup>
</Project>