<?xml version="1.0" encoding="utf-8"?>
<Project ToolsVersion="4.0" xmlns="http://schemas.microsoft.com/developer/msbuild/2003">
  <ItemGroup>
    <Filter Include="Core">
      <UniqueIdentifier>{d1144424-716f-41c3-879d-7e2550df2e82}</UniqueIdentifier>
    </Filter>
    <Filter Include="Graphics">
      <UniqueIdentifier>{84a2b3c7-5c9b-4e74-bd2d-e21b489d236d}</UniqueIdentifier>
    </Filter>
    <Filter Include="GUI">
      <UniqueIdentifier>{e4d84ae4-e94b-4087-b26e-d973b744b611}</UniqueIdentifier>
    </Filter>
    <Filter Include="Input">
      <UniqueIdentifier>{94fa5b4c-d24e-4cce-9283-b8da6c807c52}</UniqueIdentifier>
    </Filter>
    <Filter Include="IO">
      <UniqueIdentifier>{bf0d05be-f030-4d23-bd9c-589eb48c05f7}</UniqueIdentifier>
    </Filter>
    <Filter Include="MainApp">
      <UniqueIdentifier>{7474213d-1528-4d45-914f-2c0f9efa8236}</UniqueIdentifier>
    </Filter>
    <Filter Include="Math">
      <UniqueIdentifier>{d4f56fbb-e379-43db-b8c4-d9bab1cccfa0}</UniqueIdentifier>
    </Filter>
    <Filter Include="Resource">
      <UniqueIdentifier>{22760b06-d1aa-4acd-93d1-4f8703137b4f}</UniqueIdentifier>
    </Filter>
    <Filter Include="Scene">
      <UniqueIdentifier>{f10722c4-add3-4b4a-87e0-af6db7f55c37}</UniqueIdentifier>
    </Filter>
    <Filter Include="Asset">
      <UniqueIdentifier>{8f0baa9b-faf5-48a6-9c89-3b53c24d9209}</UniqueIdentifier>
    </Filter>
    <Filter Include="Asset\Effect">
      <UniqueIdentifier>{7fb6c7de-5c99-499f-84db-706fd343c14c}</UniqueIdentifier>
    </Filter>
    <Filter Include="Asset\Pipeline">
      <UniqueIdentifier>{301a2abe-beb2-4659-b24b-20fe6bb5d83c}</UniqueIdentifier>
    </Filter>
  </ItemGroup>
  <ItemGroup>
    <ClInclude Include="Core\CompileConfig.h">
      <Filter>Core</Filter>
    </ClInclude>
    <ClInclude Include="Core\Exception.h">
      <Filter>Core</Filter>
    </ClInclude>
    <ClInclude Include="Core\IModule.h">
      <Filter>Core</Filter>
    </ClInclude>
    <ClInclude Include="Core\ModuleManager.h">
      <Filter>Core</Filter>
    </ClInclude>
    <ClInclude Include="Core\Prerequisites.h">
      <Filter>Core</Filter>
    </ClInclude>
    <ClInclude Include="Core\Singleton.h">
      <Filter>Core</Filter>
    </ClInclude>
    <ClInclude Include="Core\Timer.h">
      <Filter>Core</Filter>
    </ClInclude>
    <ClInclude Include="Core\Utility.h">
      <Filter>Core</Filter>
    </ClInclude>
    <ClInclude Include="Graphics\GraphicsCommon.h">
      <Filter>Graphics</Filter>
    </ClInclude>
    <ClInclude Include="Graphics\PixelFormat.h">
      <Filter>Graphics</Filter>
    </ClInclude>
    <ClInclude Include="Math\BoundingBox.h">
      <Filter>Math</Filter>
    </ClInclude>
    <ClInclude Include="Math\BoundingSphere.h">
      <Filter>Math</Filter>
    </ClInclude>
    <ClInclude Include="Math\ColorRGBA.h">
      <Filter>Math</Filter>
    </ClInclude>
    <ClInclude Include="Math\Frustum.h">
      <Filter>Math</Filter>
    </ClInclude>
    <ClInclude Include="Math\Math.h">
      <Filter>Math</Filter>
    </ClInclude>
    <ClInclude Include="Math\MathUtil.h">
      <Filter>Math</Filter>
    </ClInclude>
    <ClInclude Include="Math\Matrix.h">
      <Filter>Math</Filter>
    </ClInclude>
    <ClInclude Include="Math\Plane.h">
      <Filter>Math</Filter>
    </ClInclude>
    <ClInclude Include="Math\Quaternion.h">
      <Filter>Math</Filter>
    </ClInclude>
    <ClInclude Include="Math\Ray.h">
      <Filter>Math</Filter>
    </ClInclude>
    <ClInclude Include="Math\Rectangle.h">
      <Filter>Math</Filter>
    </ClInclude>
    <ClInclude Include="Math\Vector.h">
      <Filter>Math</Filter>
    </ClInclude>
    <ClInclude Include="Core\Variant.h">
      <Filter>Core</Filter>
    </ClInclude>
    <ClInclude Include="Core\StringHash.h">
      <Filter>Core</Filter>
    </ClInclude>
    <ClInclude Include="Core\Loger.h">
      <Filter>Core</Filter>
    </ClInclude>
    <ClInclude Include="MainApp\Application.h">
      <Filter>MainApp</Filter>
    </ClInclude>
    <ClInclude Include="MainApp\Window.h">
      <Filter>MainApp</Filter>
    </ClInclude>
    <ClInclude Include="Input\InputEvent.h">
      <Filter>Input</Filter>
    </ClInclude>
    <ClInclude Include="Input\InputSystem.h">
      <Filter>Input</Filter>
    </ClInclude>
    <ClInclude Include="Core\Environment.h">
      <Filter>Core</Filter>
    </ClInclude>
    <ClInclude Include="IO\FileStream.h">
      <Filter>IO</Filter>
    </ClInclude>
    <ClInclude Include="IO\FileSystem.h">
      <Filter>IO</Filter>
    </ClInclude>
    <ClInclude Include="IO\MemoryStream.h">
      <Filter>IO</Filter>
    </ClInclude>
    <ClInclude Include="IO\PathUtil.h">
      <Filter>IO</Filter>
    </ClInclude>
    <ClInclude Include="IO\Stream.h">
      <Filter>IO</Filter>
    </ClInclude>
    <ClInclude Include="MainApp\AppSettings.h">
      <Filter>MainApp</Filter>
    </ClInclude>
    <ClInclude Include="Resource\Resource.h">
      <Filter>Resource</Filter>
    </ClInclude>
    <ClInclude Include="Resource\ResourceManager.h">
      <Filter>Resource</Filter>
    </ClInclude>
    <ClInclude Include="Core\XMLDom.h">
      <Filter>Core</Filter>
    </ClInclude>
    <ClInclude Include="Graphics\RHVertexDeclaration.h">
      <Filter>Graphics</Filter>
    </ClInclude>
    <ClInclude Include="Graphics\RHDevice.h">
      <Filter>Graphics</Filter>
    </ClInclude>
    <ClInclude Include="Graphics\RHFactory.h">
      <Filter>Graphics</Filter>
    </ClInclude>
    <ClInclude Include="Graphics\RHFrameBuffer.h">
      <Filter>Graphics</Filter>
    </ClInclude>
    <ClInclude Include="Graphics\RHOperation.h">
      <Filter>Graphics</Filter>
    </ClInclude>
    <ClInclude Include="Graphics\RHResource.h">
      <Filter>Graphics</Filter>
    </ClInclude>
    <ClInclude Include="Graphics\RHState.h">
      <Filter>Graphics</Filter>
    </ClInclude>
    <ClInclude Include="Graphics\EffectParameter.h">
      <Filter>Graphics</Filter>
    </ClInclude>
    <ClInclude Include="Graphics\Effect.h">
      <Filter>Graphics</Filter>
    </ClInclude>
  </ItemGroup>
  <ItemGroup>
    <ClCompile Include="Core\Exception.cpp">
      <Filter>Core</Filter>
    </ClCompile>
    <ClCompile Include="Core\IModule.cpp">
      <Filter>Core</Filter>
    </ClCompile>
    <ClCompile Include="Core\ModuleManager.cpp">
      <Filter>Core</Filter>
    </ClCompile>
    <ClCompile Include="Core\Timer.cpp">
      <Filter>Core</Filter>
    </ClCompile>
    <ClCompile Include="Core\Utility.cpp">
      <Filter>Core</Filter>
    </ClCompile>
    <ClCompile Include="Graphics\PixelFormat.cpp">
      <Filter>Graphics</Filter>
    </ClCompile>
    <ClCompile Include="Math\ColorRGBA.cpp">
      <Filter>Math</Filter>
    </ClCompile>
    <ClCompile Include="Core\Variant.cpp">
      <Filter>Core</Filter>
    </ClCompile>
    <ClCompile Include="Core\StringHash.cpp">
      <Filter>Core</Filter>
    </ClCompile>
    <ClCompile Include="Core\Loger.cpp">
      <Filter>Core</Filter>
    </ClCompile>
    <ClCompile Include="MainApp\Application.cpp">
      <Filter>MainApp</Filter>
    </ClCompile>
    <ClCompile Include="MainApp\Window.cpp">
      <Filter>MainApp</Filter>
    </ClCompile>
    <ClCompile Include="MainApp\Window_Android.cpp">
      <Filter>MainApp</Filter>
    </ClCompile>
    <ClCompile Include="MainApp\Window_Win32.cpp">
      <Filter>MainApp</Filter>
    </ClCompile>
    <ClCompile Include="Input\InputSystem.cpp">
      <Filter>Input</Filter>
    </ClCompile>
    <ClCompile Include="Core\Environment.cpp">
      <Filter>Core</Filter>
    </ClCompile>
    <ClCompile Include="IO\FileStream.cpp">
      <Filter>IO</Filter>
    </ClCompile>
    <ClCompile Include="IO\FileSystem.cpp">
      <Filter>IO</Filter>
    </ClCompile>
    <ClCompile Include="IO\MemoryStream.cpp">
      <Filter>IO</Filter>
    </ClCompile>
    <ClCompile Include="IO\PathUtil.cpp">
      <Filter>IO</Filter>
    </ClCompile>
    <ClCompile Include="IO\Stream.cpp">
      <Filter>IO</Filter>
    </ClCompile>
    <ClCompile Include="Resource\Resource.cpp">
      <Filter>Resource</Filter>
    </ClCompile>
    <ClCompile Include="Resource\ResourceManage.cpp">
      <Filter>Resource</Filter>
    </ClCompile>
    <ClCompile Include="Core\XMLDom.cpp">
      <Filter>Core</Filter>
    </ClCompile>
    <ClCompile Include="Graphics\RHFactory.cpp">
      <Filter>Graphics</Filter>
    </ClCompile>
    <ClCompile Include="Graphics\RHFrameBuffer.cpp">
      <Filter>Graphics</Filter>
    </ClCompile>
    <ClCompile Include="Graphics\RHOperation.cpp">
      <Filter>Graphics</Filter>
    </ClCompile>
    <ClCompile Include="Graphics\RHResource.cpp">
      <Filter>Graphics</Filter>
    </ClCompile>
    <ClCompile Include="Graphics\RHState.cpp">
      <Filter>Graphics</Filter>
    </ClCompile>
    <ClCompile Include="Graphics\RHVertexDeclaration.cpp">
      <Filter>Graphics</Filter>
    </ClCompile>
    <ClCompile Include="Graphics\RHDevice.cpp">
      <Filter>Graphics</Filter>
    </ClCompile>
    <ClCompile Include="Graphics\Effect.cpp">
      <Filter>Graphics</Filter>
    </ClCompile>
    <ClCompile Include="Graphics\EffectParameter.cpp">
      <Filter>Graphics</Filter>
    </ClCompile>
  </ItemGroup>
  <ItemGroup>
    <None Include="Math\BoundingBox.inl">
      <Filter>Math</Filter>
    </None>
    <None Include="Math\BoundingSphere.inl">
      <Filter>Math</Filter>
    </None>
    <None Include="Math\ColorRGBA.inl">
      <Filter>Math</Filter>
    </None>
    <None Include="Math\Frustum.inl">
      <Filter>Math</Filter>
    </None>
    <None Include="Math\Math.inl">
      <Filter>Math</Filter>
    </None>
    <None Include="Math\MathUtil.inl">
      <Filter>Math</Filter>
    </None>
    <None Include="Math\Matrix.inl">
      <Filter>Math</Filter>
    </None>
    <None Include="Math\Plane.inl">
      <Filter>Math</Filter>
    </None>
    <None Include="Math\Quaternion.inl">
      <Filter>Math</Filter>
    </None>
    <None Include="Math\Rectangle.inl">
      <Filter>Math</Filter>
    </None>
    <None Include="Math\Vector.inl">
      <Filter>Math</Filter>
    </None>
  </ItemGroup>
  <ItemGroup>
    <Xml Include="..\Media\Effect\DeferredLighting.effect.xml">
      <Filter>Asset\Effect</Filter>
    </Xml>
    <Xml Include="..\Media\Effect\DeferredReadUtill.include.xml">
      <Filter>Asset\Effect</Filter>
    </Xml>
    <Xml Include="..\Media\Effect\Font.effect.xml">
      <Filter>Asset\Effect</Filter>
    </Xml>
    <Xml Include="..\Media\Effect\LightingUtil.include.xml">
      <Filter>Asset\Effect</Filter>
    </Xml>
    <Xml Include="..\Media\Effect\Model.effect.xml">
      <Filter>Asset\Effect</Filter>
    </Xml>
    <Xml Include="..\Media\Effect\SimpleModel.effect.xml">
      <Filter>Asset\Effect</Filter>
    </Xml>
    <Xml Include="..\Media\Effect\Sky.effect.xml">
      <Filter>Asset\Effect</Filter>
    </Xml>
    <Xml Include="..\Media\Effect\Sprite.effect.xml">
      <Filter>Asset\Effect</Filter>
    </Xml>
    <Xml Include="..\Media\Pipiline\DeferredLighting.pipeline.xml">
      <Filter>Asset\Pipeline</Filter>
    </Xml>
    <Xml Include="..\Media\Pipiline\ForwardLighting.pipeline.xml">
      <Filter>Asset\Pipeline</Filter>
    </Xml>
  </ItemGroup>
</Project>