
Microsoft Visual Studio Solution File, Format Version 11.00
# Visual Studio 2010
Project("{8BC9CEB8-8B4A-11D0-8D11-00A0C91BC942}") = "OpenGLRenderSystem", "OpenGLRenderSystem\OpenGLRenderSystem.vcxproj", "{26E04EDA-8664-44F6-A633-4C71932EB86F}"
EndProject
Project("{8BC9CEB8-8B4A-11D0-8D11-00A0C91BC942}") = "TestApp", "TestApp\TestApp.vcxproj", "{DD17C4CA-5319-49FB-A464-357FB9CA375C}"
	ProjectSection(ProjectDependencies) = postProject
		{E2D69818-CCCE-4983-A7BE-F9EDB882246A} = {E2D69818-CCCE-4983-A7BE-F9EDB882246A}
		{3187CECE-7BFA-4120-A3E2-EB9265560098} = {3187CECE-7BFA-4120-A3E2-EB9265560098}
		{26E04EDA-8664-44F6-A633-4C71932EB86F} = {26E04EDA-8664-44F6-A633-4C71932EB86F}
	EndProjectSection
EndProject
Project("{8BC9CEB8-8B4A-11D0-8D11-00A0C91BC942}") = "MeshImporter", "Tools\MeshImporter\MeshImporter.vcxproj", "{C6F62DF1-E874-4347-9EA5-567181DA4DBC}"
	ProjectSection(ProjectDependencies) = postProject
		{E2D69818-CCCE-4983-A7BE-F9EDB882246A} = {E2D69818-CCCE-4983-A7BE-F9EDB882246A}
	EndProjectSection
EndProject
Project("{2150E333-8FDC-42A3-9474-1A3956D46DE8}") = "Tools", "Tools", "{F40A2145-80F8-4121-8764-9E6E667B07E8}"
EndProject
Project("{8BC9CEB8-8B4A-11D0-8D11-00A0C91BC942}") = "XML2Binary", "Tools\XML2Binary\XML2Binary.vcxproj", "{536FE929-BB63-487E-B419-614AB399199C}"
EndProject
Project("{8BC9CEB8-8B4A-11D0-8D11-00A0C91BC942}") = "InputSystem", "InputSystem\InputSystem.vcxproj", "{3187CECE-7BFA-4120-A3E2-EB9265560098}"
EndProject
Project("{8BC9CEB8-8B4A-11D0-8D11-00A0C91BC942}") = "RcEngine", "RcEngine\RcEngine.vcxproj", "{E2D69818-CCCE-4983-A7BE-F9EDB882246A}"
EndProject
Global
	GlobalSection(SolutionConfigurationPlatforms) = preSolution
		Debug|Win32 = Debug|Win32
		Release|Win32 = Release|Win32
	EndGlobalSection
	GlobalSection(ProjectConfigurationPlatforms) = postSolution
		{26E04EDA-8664-44F6-A633-4C71932EB86F}.Debug|Win32.ActiveCfg = Debug|Win32
		{26E04EDA-8664-44F6-A633-4C71932EB86F}.Debug|Win32.Build.0 = Debug|Win32
		{26E04EDA-8664-44F6-A633-4C71932EB86F}.Release|Win32.ActiveCfg = Release|Win32
		{26E04EDA-8664-44F6-A633-4C71932EB86F}.Release|Win32.Build.0 = Release|Win32
		{DD17C4CA-5319-49FB-A464-357FB9CA375C}.Debug|Win32.ActiveCfg = Debug|Win32
		{DD17C4CA-5319-49FB-A464-357FB9CA375C}.Debug|Win32.Build.0 = Debug|Win32
		{DD17C4CA-5319-49FB-A464-357FB9CA375C}.Release|Win32.ActiveCfg = Release|Win32
		{DD17C4CA-5319-49FB-A464-357FB9CA375C}.Release|Win32.Build.0 = Release|Win32
		{C6F62DF1-E874-4347-9EA5-567181DA4DBC}.Debug|Win32.ActiveCfg = Debug|Win32
		{C6F62DF1-E874-4347-9EA5-567181DA4DBC}.Debug|Win32.Build.0 = Debug|Win32
		{C6F62DF1-E874-4347-9EA5-567181DA4DBC}.Release|Win32.ActiveCfg = Release|Win32
		{C6F62DF1-E874-4347-9EA5-567181DA4DBC}.Release|Win32.Build.0 = Release|Win32
		{536FE929-BB63-487E-B419-614AB399199C}.Debug|Win32.ActiveCfg = Debug|Win32
		{536FE929-BB63-487E-B419-614AB399199C}.Debug|Win32.Build.0 = Debug|Win32
		{536FE929-BB63-487E-B419-614AB399199C}.Release|Win32.ActiveCfg = Release|Win32
		{536FE929-BB63-487E-B419-614AB399199C}.Release|Win32.Build.0 = Release|Win32
		{3187CECE-7BFA-4120-A3E2-EB9265560098}.Debug|Win32.ActiveCfg = Debug|Win32
		{3187CECE-7BFA-4120-A3E2-EB9265560098}.Debug|Win32.Build.0 = Debug|Win32
		{3187CECE-7BFA-4120-A3E2-EB9265560098}.Release|Win32.ActiveCfg = Release|Win32
		{3187CECE-7BFA-4120-A3E2-EB9265560098}.Release|Win32.Build.0 = Release|Win32
		{E2D69818-CCCE-4983-A7BE-F9EDB882246A}.Debug|Win32.ActiveCfg = Debug|Win32
		{E2D69818-CCCE-4983-A7BE-F9EDB882246A}.Debug|Win32.Build.0 = Debug|Win32
		{E2D69818-CCCE-4983-A7BE-F9EDB882246A}.Release|Win32.ActiveCfg = Release|Win32
		{E2D69818-CCCE-4983-A7BE-F9EDB882246A}.Release|Win32.Build.0 = Release|Win32
	EndGlobalSection
	GlobalSection(SolutionProperties) = preSolution
		HideSolutionNode = FALSE
	EndGlobalSection
	GlobalSection(NestedProjects) = preSolution
		{C6F62DF1-E874-4347-9EA5-567181DA4DBC} = {F40A2145-80F8-4121-8764-9E6E667B07E8}
		{536FE929-BB63-487E-B419-614AB399199C} = {F40A2145-80F8-4121-8764-9E6E667B07E8}
	EndGlobalSection
EndGlobal
