
Microsoft Visual Studio Solution File, Format Version 12.00
# Visual Studio 2012
Project("{8BC9CEB8-8B4A-11D0-8D11-00A0C91BC942}") = "RcEngine", "RcEngine\RcEngine.vcxproj", "{8C5FC295-3DCE-4113-83C6-884D4F46DEF2}"
EndProject
Project("{2150E333-8FDC-42A3-9474-1A3956D46DE8}") = "Tools", "Tools", "{8A1135A4-739E-4894-9089-D82A77F59F4F}"
EndProject
Project("{8BC9CEB8-8B4A-11D0-8D11-00A0C91BC942}") = "OpenGLRenderSystem", "OpenGLRenderSystem\OpenGLRenderSystem.vcxproj", "{7F1B1907-F2D6-48C4-A58C-5F6FF66F6B4D}"
EndProject
Project("{8BC9CEB8-8B4A-11D0-8D11-00A0C91BC942}") = "TestApp", "TestApp\TestApp.vcxproj", "{AEC53C96-38E7-4A85-96A0-5A6DC364BB88}"
EndProject
Project("{8BC9CEB8-8B4A-11D0-8D11-00A0C91BC942}") = "MeshImporter", "Tools\MeshImporter\MeshImporter.vcxproj", "{83F067BE-F442-415A-A122-6C5C2E73AE3D}"
EndProject
Project("{8BC9CEB8-8B4A-11D0-8D11-00A0C91BC942}") = "FontImporter", "Tools\FontImporter\FontImporter.vcxproj", "{3A14A5BF-B04D-42FB-B8CB-7883A95A7355}"
EndProject
Project("{8BC9CEB8-8B4A-11D0-8D11-00A0C91BC942}") = "FbxImporter", "Tools\FbxImporter\FbxImporter.vcxproj", "{8F51C30A-0889-49FC-928B-060917477106}"
EndProject
Project("{2150E333-8FDC-42A3-9474-1A3956D46DE8}") = "Samples", "Samples", "{3B4A1896-1B80-4E14-B14D-03138B4E4C13}"
EndProject
Project("{8BC9CEB8-8B4A-11D0-8D11-00A0C91BC942}") = "SponzaSample", "Samples\SponzaSample\SponzaSample.vcxproj", "{47DE133A-E5FF-4A9D-B93E-09215AE72D14}"
EndProject
Project("{8BC9CEB8-8B4A-11D0-8D11-00A0C91BC942}") = "DeferredRendering", "Samples\DeferredRendering\DeferredRendering.vcxproj", "{170C7B46-A633-4370-B4E8-38FFD890DD69}"
EndProject
Project("{8BC9CEB8-8B4A-11D0-8D11-00A0C91BC942}") = "FbxTest", "Samples\FbxTest\FbxTest.vcxproj", "{097AC6AA-4C1F-45A8-923A-5D4AF64CE0A1}"
EndProject
Project("{8BC9CEB8-8B4A-11D0-8D11-00A0C91BC942}") = "RenderPath", "Samples\RenderPath\RenderPath.vcxproj", "{CAADBA4F-F7A1-40E4-961F-D2BD2B033E09}"
EndProject
Project("{8BC9CEB8-8B4A-11D0-8D11-00A0C91BC942}") = "ForwardPath", "Samples\FowwardPath\FowwardPath.vcxproj", "{1CF379D5-7245-412C-A58A-4A581D81E263}"
EndProject
Project("{8BC9CEB8-8B4A-11D0-8D11-00A0C91BC942}") = "EffectSystemTest", "Samples\EffectSystemTest\EffectSystemTest.vcxproj", "{0E8E4A2E-C546-4521-8DC0-E5E34762AF09}"
EndProject
Global
	GlobalSection(SolutionConfigurationPlatforms) = preSolution
		Debug|Win32 = Debug|Win32
		Release|Win32 = Release|Win32
	EndGlobalSection
	GlobalSection(ProjectConfigurationPlatforms) = postSolution
		{8C5FC295-3DCE-4113-83C6-884D4F46DEF2}.Debug|Win32.ActiveCfg = Debug|Win32
		{8C5FC295-3DCE-4113-83C6-884D4F46DEF2}.Debug|Win32.Build.0 = Debug|Win32
		{8C5FC295-3DCE-4113-83C6-884D4F46DEF2}.Release|Win32.ActiveCfg = Release|Win32
		{8C5FC295-3DCE-4113-83C6-884D4F46DEF2}.Release|Win32.Build.0 = Release|Win32
		{7F1B1907-F2D6-48C4-A58C-5F6FF66F6B4D}.Debug|Win32.ActiveCfg = Debug|Win32
		{7F1B1907-F2D6-48C4-A58C-5F6FF66F6B4D}.Debug|Win32.Build.0 = Debug|Win32
		{7F1B1907-F2D6-48C4-A58C-5F6FF66F6B4D}.Release|Win32.ActiveCfg = Release|Win32
		{7F1B1907-F2D6-48C4-A58C-5F6FF66F6B4D}.Release|Win32.Build.0 = Release|Win32
		{AEC53C96-38E7-4A85-96A0-5A6DC364BB88}.Debug|Win32.ActiveCfg = Debug|Win32
		{AEC53C96-38E7-4A85-96A0-5A6DC364BB88}.Debug|Win32.Build.0 = Debug|Win32
		{AEC53C96-38E7-4A85-96A0-5A6DC364BB88}.Release|Win32.ActiveCfg = Release|Win32
		{AEC53C96-38E7-4A85-96A0-5A6DC364BB88}.Release|Win32.Build.0 = Release|Win32
		{83F067BE-F442-415A-A122-6C5C2E73AE3D}.Debug|Win32.ActiveCfg = Debug|Win32
		{83F067BE-F442-415A-A122-6C5C2E73AE3D}.Debug|Win32.Build.0 = Debug|Win32
		{83F067BE-F442-415A-A122-6C5C2E73AE3D}.Release|Win32.ActiveCfg = Release|Win32
		{83F067BE-F442-415A-A122-6C5C2E73AE3D}.Release|Win32.Build.0 = Release|Win32
		{3A14A5BF-B04D-42FB-B8CB-7883A95A7355}.Debug|Win32.ActiveCfg = Debug|Win32
		{3A14A5BF-B04D-42FB-B8CB-7883A95A7355}.Debug|Win32.Build.0 = Debug|Win32
		{3A14A5BF-B04D-42FB-B8CB-7883A95A7355}.Release|Win32.ActiveCfg = Release|Win32
		{3A14A5BF-B04D-42FB-B8CB-7883A95A7355}.Release|Win32.Build.0 = Release|Win32
		{8F51C30A-0889-49FC-928B-060917477106}.Debug|Win32.ActiveCfg = Debug|Win32
		{8F51C30A-0889-49FC-928B-060917477106}.Debug|Win32.Build.0 = Debug|Win32
		{8F51C30A-0889-49FC-928B-060917477106}.Release|Win32.ActiveCfg = Release|Win32
		{8F51C30A-0889-49FC-928B-060917477106}.Release|Win32.Build.0 = Release|Win32
		{47DE133A-E5FF-4A9D-B93E-09215AE72D14}.Debug|Win32.ActiveCfg = Debug|Win32
		{47DE133A-E5FF-4A9D-B93E-09215AE72D14}.Debug|Win32.Build.0 = Debug|Win32
		{47DE133A-E5FF-4A9D-B93E-09215AE72D14}.Release|Win32.ActiveCfg = Release|Win32
		{47DE133A-E5FF-4A9D-B93E-09215AE72D14}.Release|Win32.Build.0 = Release|Win32
		{170C7B46-A633-4370-B4E8-38FFD890DD69}.Debug|Win32.ActiveCfg = Debug|Win32
		{170C7B46-A633-4370-B4E8-38FFD890DD69}.Debug|Win32.Build.0 = Debug|Win32
		{170C7B46-A633-4370-B4E8-38FFD890DD69}.Release|Win32.ActiveCfg = Release|Win32
		{170C7B46-A633-4370-B4E8-38FFD890DD69}.Release|Win32.Build.0 = Release|Win32
		{097AC6AA-4C1F-45A8-923A-5D4AF64CE0A1}.Debug|Win32.ActiveCfg = Debug|Win32
		{097AC6AA-4C1F-45A8-923A-5D4AF64CE0A1}.Debug|Win32.Build.0 = Debug|Win32
		{097AC6AA-4C1F-45A8-923A-5D4AF64CE0A1}.Release|Win32.ActiveCfg = Release|Win32
		{097AC6AA-4C1F-45A8-923A-5D4AF64CE0A1}.Release|Win32.Build.0 = Release|Win32
		{CAADBA4F-F7A1-40E4-961F-D2BD2B033E09}.Debug|Win32.ActiveCfg = Debug|Win32
		{CAADBA4F-F7A1-40E4-961F-D2BD2B033E09}.Debug|Win32.Build.0 = Debug|Win32
		{CAADBA4F-F7A1-40E4-961F-D2BD2B033E09}.Release|Win32.ActiveCfg = Release|Win32
		{CAADBA4F-F7A1-40E4-961F-D2BD2B033E09}.Release|Win32.Build.0 = Release|Win32
		{1CF379D5-7245-412C-A58A-4A581D81E263}.Debug|Win32.ActiveCfg = Debug|Win32
		{1CF379D5-7245-412C-A58A-4A581D81E263}.Debug|Win32.Build.0 = Debug|Win32
		{1CF379D5-7245-412C-A58A-4A581D81E263}.Release|Win32.ActiveCfg = Release|Win32
		{1CF379D5-7245-412C-A58A-4A581D81E263}.Release|Win32.Build.0 = Release|Win32
		{0E8E4A2E-C546-4521-8DC0-E5E34762AF09}.Debug|Win32.ActiveCfg = Debug|Win32
		{0E8E4A2E-C546-4521-8DC0-E5E34762AF09}.Debug|Win32.Build.0 = Debug|Win32
		{0E8E4A2E-C546-4521-8DC0-E5E34762AF09}.Release|Win32.ActiveCfg = Release|Win32
		{0E8E4A2E-C546-4521-8DC0-E5E34762AF09}.Release|Win32.Build.0 = Release|Win32
	EndGlobalSection
	GlobalSection(SolutionProperties) = preSolution
		HideSolutionNode = FALSE
	EndGlobalSection
	GlobalSection(NestedProjects) = preSolution
		{83F067BE-F442-415A-A122-6C5C2E73AE3D} = {8A1135A4-739E-4894-9089-D82A77F59F4F}
		{3A14A5BF-B04D-42FB-B8CB-7883A95A7355} = {8A1135A4-739E-4894-9089-D82A77F59F4F}
		{8F51C30A-0889-49FC-928B-060917477106} = {8A1135A4-739E-4894-9089-D82A77F59F4F}
		{47DE133A-E5FF-4A9D-B93E-09215AE72D14} = {3B4A1896-1B80-4E14-B14D-03138B4E4C13}
		{170C7B46-A633-4370-B4E8-38FFD890DD69} = {3B4A1896-1B80-4E14-B14D-03138B4E4C13}
		{097AC6AA-4C1F-45A8-923A-5D4AF64CE0A1} = {3B4A1896-1B80-4E14-B14D-03138B4E4C13}
		{CAADBA4F-F7A1-40E4-961F-D2BD2B033E09} = {3B4A1896-1B80-4E14-B14D-03138B4E4C13}
		{1CF379D5-7245-412C-A58A-4A581D81E263} = {3B4A1896-1B80-4E14-B14D-03138B4E4C13}
		{0E8E4A2E-C546-4521-8DC0-E5E34762AF09} = {3B4A1896-1B80-4E14-B14D-03138B4E4C13}
	EndGlobalSection
EndGlobal
