<?xml version="1.0" encoding="utf-8"?>
<Project ToolsVersion="4.0" xmlns="http://schemas.microsoft.com/developer/msbuild/2003">
  <ItemGroup>
    <Filter Include="源文件">
      <UniqueIdentifier>{4FC737F1-C7A5-4376-A066-2A32D752A2FF}</UniqueIdentifier>
      <Extensions>cpp;c;cc;cxx;def;odl;idl;hpj;bat;asm;asmx</Extensions>
    </Filter>
    <Filter Include="头文件">
      <UniqueIdentifier>{93995380-89BD-4b04-88EB-625FBE52EBFB}</UniqueIdentifier>
      <Extensions>h;hpp;hxx;hm;inl;inc;xsd</Extensions>
    </Filter>
    <Filter Include="资源文件">
      <UniqueIdentifier>{67DA6AB6-F800-4c08-8B7A-83BB121AAD01}</UniqueIdentifier>
      <Extensions>rc;ico;cur;bmp;dlg;rc2;rct;bin;rgs;gif;jpg;jpeg;jpe;resx;tiff;tif;png;wav;mfcribbon-ms</Extensions>
    </Filter>
  </ItemGroup>
  <ItemGroup>
    <ClCompile Include="Main.cpp">
      <Filter>源文件</Filter>
    </ClCompile>
    <ClCompile Include="ShadowMap.cpp">
      <Filter>源文件</Filter>
    </ClCompile>
    <ClCompile Include="Utility.cpp">
      <Filter>源文件</Filter>
    </ClCompile>
    <ClCompile Include="pfm.cpp">
      <Filter>源文件</Filter>
    </ClCompile>
    <ClCompile Include="Camera.cpp">
      <Filter>源文件</Filter>
    </ClCompile>
    <ClCompile Include="SurfaceImage.cpp">
      <Filter>源文件</Filter>
    </ClCompile>
    <ClCompile Include="CubeMapProcessor.cpp">
      <Filter>源文件</Filter>
    </ClCompile>
    <ClCompile Include="SHProjection.h.cpp">
      <Filter>源文件</Filter>
    </ClCompile>
  </ItemGroup>
  <ItemGroup>
    <ClInclude Include="Common.h">
      <Filter>头文件</Filter>
    </ClInclude>
    <ClInclude Include="ShadowMap.h">
      <Filter>头文件</Filter>
    </ClInclude>
    <ClInclude Include="RenderTextureFBO.h">
      <Filter>头文件</Filter>
    </ClInclude>
    <ClInclude Include="Utility.h">
      <Filter>头文件</Filter>
    </ClInclude>
    <ClInclude Include="pfm.h">
      <Filter>头文件</Filter>
    </ClInclude>
    <ClInclude Include="Camera.h">
      <Filter>头文件</Filter>
    </ClInclude>
    <ClInclude Include="SurfaceImage.h">
      <Filter>头文件</Filter>
    </ClInclude>
    <ClInclude Include="CubeMapProcessor.h">
      <Filter>头文件</Filter>
    </ClInclude>
    <ClInclude Include="SHProjection.h">
      <Filter>头文件</Filter>
    </ClInclude>
  </ItemGroup>
  <ItemGroup>
    <None Include="..\Media\Shaders\ShadowMap.frag">
      <Filter>资源文件</Filter>
    </None>
    <None Include="..\Media\Shaders\ShadowMap.vert">
      <Filter>资源文件</Filter>
    </None>
    <None Include="..\Media\Shaders\Stretch.frag">
      <Filter>资源文件</Filter>
    </None>
    <None Include="..\Media\Shaders\Stretch.vert">
      <Filter>资源文件</Filter>
    </None>
    <None Include="..\Media\Shaders\TextureSpaceLighting.frag">
      <Filter>资源文件</Filter>
    </None>
    <None Include="..\Media\Shaders\TextureSpaceLighting.vert">
      <Filter>资源文件</Filter>
    </None>
    <None Include="..\Media\Shaders\TextureSpaceLightingTSM.frag">
      <Filter>资源文件</Filter>
    </None>
    <None Include="..\Media\Shaders\TextureSpaceLightingTSM.vert">
      <Filter>资源文件</Filter>
    </None>
    <None Include="..\Media\Shaders\Convolution.vert">
      <Filter>资源文件</Filter>
    </None>
    <None Include="..\Media\Shaders\FinalSkin.frag">
      <Filter>资源文件</Filter>
    </None>
    <None Include="..\Media\Shaders\FinalSkin.vert">
      <Filter>资源文件</Filter>
    </None>
    <None Include="..\Media\Shaders\FinalSkinTSM.frag">
      <Filter>资源文件</Filter>
    </None>
    <None Include="..\Media\Shaders\FinalSkinTSM.vert">
      <Filter>资源文件</Filter>
    </None>
    <None Include="..\Media\Shaders\Phong.frag">
      <Filter>资源文件</Filter>
    </None>
    <None Include="..\Media\Shaders\Phong.vert">
      <Filter>资源文件</Filter>
    </None>
    <None Include="..\Media\Shaders\Common.include.glsl">
      <Filter>资源文件</Filter>
    </None>
    <None Include="..\Media\Shaders\ViewDepth.frag">
      <Filter>资源文件</Filter>
    </None>
    <None Include="SHProjection.inl">
      <Filter>头文件</Filter>
    </None>
    <None Include="..\Media\Shaders\SkyBox.frag">
      <Filter>资源文件</Filter>
    </None>
    <None Include="..\Media\Shaders\SkyBox.vert">
      <Filter>资源文件</Filter>
    </None>
    <None Include="..\Media\Shaders\FastBloom.frag">
      <Filter>资源文件</Filter>
    </None>
    <None Include="..\Media\Shaders\Convolution.frag">
      <Filter>资源文件</Filter>
    </None>
  </ItemGroup>
</Project>